
Microsoft Visual Studio Solution File, Format Version 12.00
# Visual Studio 14
VisualStudioVersion = 14.0.25420.1
MinimumVisualStudioVersion = 10.0.40219.1
Project("{FAE04EC0-301F-11D3-BF4B-00C04F79EFBC}") = "LakewoodScoop.web", "LakewoodScoop.web\LakewoodScoop.web.csproj", "{08284259-0B84-43A9-9CCD-FBF0A9FAC0C5}"
EndProject
Project("{FAE04EC0-301F-11D3-BF4B-00C04F79EFBC}") = "LakewoodScoop.Scraper", "LakewoodScoop.Scraper\LakewoodScoop.Scraper.csproj", "{EC8C2FD2-B613-4DEE-842C-CEF2559C14B9}"
EndProject
Project("{FAE04EC0-301F-11D3-BF4B-00C04F79EFBC}") = "ConsoleApplication1", "ConsoleApplication1\ConsoleApplication1.csproj", "{C7E43E1B-8910-4C6E-8C2F-F95DED7454FF}"
EndProject
Global
	GlobalSection(SolutionConfigurationPlatforms) = preSolution
		Debug|Any CPU = Debug|Any CPU
		Release|Any CPU = Release|Any CPU
	EndGlobalSection
	GlobalSection(ProjectConfigurationPlatforms) = postSolution
		{08284259-0B84-43A9-9CCD-FBF0A9FAC0C5}.Debug|Any CPU.ActiveCfg = Debug|Any CPU
		{08284259-0B84-43A9-9CCD-FBF0A9FAC0C5}.Debug|Any CPU.Build.0 = Debug|Any CPU
		{08284259-0B84-43A9-9CCD-FBF0A9FAC0C5}.Release|Any CPU.ActiveCfg = Release|Any CPU
		{08284259-0B84-43A9-9CCD-FBF0A9FAC0C5}.Release|Any CPU.Build.0 = Release|Any CPU
		{EC8C2FD2-B613-4DEE-842C-CEF2559C14B9}.Debug|Any CPU.ActiveCfg = Debug|Any CPU
		{EC8C2FD2-B613-4DEE-842C-CEF2559C14B9}.Debug|Any CPU.Build.0 = Debug|Any CPU
		{EC8C2FD2-B613-4DEE-842C-CEF2559C14B9}.Release|Any CPU.ActiveCfg = Release|Any CPU
		{EC8C2FD2-B613-4DEE-842C-CEF2559C14B9}.Release|Any CPU.Build.0 = Release|Any CPU
		{C7E43E1B-8910-4C6E-8C2F-F95DED7454FF}.Debug|Any CPU.ActiveCfg = Debug|Any CPU
		{C7E43E1B-8910-4C6E-8C2F-F95DED7454FF}.Debug|Any CPU.Build.0 = Debug|Any CPU
		{C7E43E1B-8910-4C6E-8C2F-F95DED7454FF}.Release|Any CPU.ActiveCfg = Release|Any CPU
		{C7E43E1B-8910-4C6E-8C2F-F95DED7454FF}.Release|Any CPU.Build.0 = Release|Any CPU
	EndGlobalSection
	GlobalSection(SolutionProperties) = preSolution
		HideSolutionNode = FALSE
	EndGlobalSection
EndGlobal
